// !$*UTF8*$!
{
	archiveVersion = 1;
	classes = {
	};
	objectVersion = 50;
	objects = {

/* Begin PBXBuildFile section */
		2FC3DBD920FC309700DD48C0 /* AppDelegate.swift in Sources */ = {isa = PBXBuildFile; fileRef = 2FC3DBD820FC309700DD48C0 /* AppDelegate.swift */; };
		2FC3DBDB20FC309700DD48C0 /* ViewController.swift in Sources */ = {isa = PBXBuildFile; fileRef = 2FC3DBDA20FC309700DD48C0 /* ViewController.swift */; };
		2FC3DBDD20FC309800DD48C0 /* Assets.xcassets in Resources */ = {isa = PBXBuildFile; fileRef = 2FC3DBDC20FC309800DD48C0 /* Assets.xcassets */; };
		2FC3DBE020FC309800DD48C0 /* Main.storyboard in Resources */ = {isa = PBXBuildFile; fileRef = 2FC3DBDE20FC309800DD48C0 /* Main.storyboard */; };
		2FC3DBEC20FC309800DD48C0 /* EncryptDBUITests.swift in Sources */ = {isa = PBXBuildFile; fileRef = 2FC3DBEB20FC309800DD48C0 /* EncryptDBUITests.swift */; };
		2FC3DBF720FC309800DD48C0 /* EncryptDBUIUITests.swift in Sources */ = {isa = PBXBuildFile; fileRef = 2FC3DBF620FC309800DD48C0 /* EncryptDBUIUITests.swift */; };
		2FC3DC0C20FC319C00DD48C0 /* FMEncryptHelper.m in Sources */ = {isa = PBXBuildFile; fileRef = 2FC3DC0520FC319C00DD48C0 /* FMEncryptHelper.m */; };
		2FC3DC0D20FC319C00DD48C0 /* FMEncryptDatabaseQueue.m in Sources */ = {isa = PBXBuildFile; fileRef = 2FC3DC0720FC319C00DD48C0 /* FMEncryptDatabaseQueue.m */; };
		2FC3DC0E20FC319C00DD48C0 /* FMEncryptDatabase.m in Sources */ = {isa = PBXBuildFile; fileRef = 2FC3DC0820FC319C00DD48C0 /* FMEncryptDatabase.m */; };
		486C31E3C33954D3B6186A65 /* Pods_EncryptDBUIUITests.framework in Frameworks */ = {isa = PBXBuildFile; fileRef = 7B79D410472044C8FE904EF4 /* Pods_EncryptDBUIUITests.framework */; };
		FAD38B1F72B78C16B6DEE946 /* Pods_EncryptDBUI.framework in Frameworks */ = {isa = PBXBuildFile; fileRef = 977AA627FC1DC90436FDBDC1 /* Pods_EncryptDBUI.framework */; };
		FB7B0C118374BDD62E358F6E /* Pods_EncryptDBUITests.framework in Frameworks */ = {isa = PBXBuildFile; fileRef = 52B03B39E322E15DEF481562 /* Pods_EncryptDBUITests.framework */; };
/* End PBXBuildFile section */

/* Begin PBXContainerItemProxy section */
		2FC3DBE820FC309800DD48C0 /* PBXContainerItemProxy */ = {
			isa = PBXContainerItemProxy;
			containerPortal = 2FC3DBCD20FC309700DD48C0 /* Project object */;
			proxyType = 1;
			remoteGlobalIDString = 2FC3DBD420FC309700DD48C0;
			remoteInfo = EncryptDBUI;
		};
		2FC3DBF320FC309800DD48C0 /* PBXContainerItemProxy */ = {
			isa = PBXContainerItemProxy;
			containerPortal = 2FC3DBCD20FC309700DD48C0 /* Project object */;
			proxyType = 1;
			remoteGlobalIDString = 2FC3DBD420FC309700DD48C0;
			remoteInfo = EncryptDBUI;
		};
/* End PBXContainerItemProxy section */

/* Begin PBXFileReference section */
		0518E26DAC086E739D828D95 /* Pods-EncryptDBUITests.debug.xcconfig */ = {isa = PBXFileReference; includeInIndex = 1; lastKnownFileType = text.xcconfig; name = "Pods-EncryptDBUITests.debug.xcconfig"; path = "Pods/Target Support Files/Pods-EncryptDBUITests/Pods-EncryptDBUITests.debug.xcconfig"; sourceTree = "<group>"; };
		07CA4EEC354A8FCB11359E05 /* Pods-EncryptDBUIUITests.debug.xcconfig */ = {isa = PBXFileReference; includeInIndex = 1; lastKnownFileType = text.xcconfig; name = "Pods-EncryptDBUIUITests.debug.xcconfig"; path = "Pods/Target Support Files/Pods-EncryptDBUIUITests/Pods-EncryptDBUIUITests.debug.xcconfig"; sourceTree = "<group>"; };
		0BFD9D64D64FEFDFEFE1B0E4 /* Pods-EncryptDBUITests.release.xcconfig */ = {isa = PBXFileReference; includeInIndex = 1; lastKnownFileType = text.xcconfig; name = "Pods-EncryptDBUITests.release.xcconfig"; path = "Pods/Target Support Files/Pods-EncryptDBUITests/Pods-EncryptDBUITests.release.xcconfig"; sourceTree = "<group>"; };
		2FC3DBD520FC309700DD48C0 /* EncryptDBUI.app */ = {isa = PBXFileReference; explicitFileType = wrapper.application; includeInIndex = 0; path = EncryptDBUI.app; sourceTree = BUILT_PRODUCTS_DIR; };
		2FC3DBD820FC309700DD48C0 /* AppDelegate.swift */ = {isa = PBXFileReference; lastKnownFileType = sourcecode.swift; path = AppDelegate.swift; sourceTree = "<group>"; };
		2FC3DBDA20FC309700DD48C0 /* ViewController.swift */ = {isa = PBXFileReference; lastKnownFileType = sourcecode.swift; path = ViewController.swift; sourceTree = "<group>"; };
		2FC3DBDC20FC309800DD48C0 /* Assets.xcassets */ = {isa = PBXFileReference; lastKnownFileType = folder.assetcatalog; path = Assets.xcassets; sourceTree = "<group>"; };
		2FC3DBDF20FC309800DD48C0 /* Base */ = {isa = PBXFileReference; lastKnownFileType = file.storyboard; name = Base; path = Base.lproj/Main.storyboard; sourceTree = "<group>"; };
		2FC3DBE120FC309800DD48C0 /* Info.plist */ = {isa = PBXFileReference; lastKnownFileType = text.plist.xml; path = Info.plist; sourceTree = "<group>"; };
		2FC3DBE220FC309800DD48C0 /* EncryptDBUI.entitlements */ = {isa = PBXFileReference; lastKnownFileType = text.plist.entitlements; path = EncryptDBUI.entitlements; sourceTree = "<group>"; };
		2FC3DBE720FC309800DD48C0 /* EncryptDBUITests.xctest */ = {isa = PBXFileReference; explicitFileType = wrapper.cfbundle; includeInIndex = 0; path = EncryptDBUITests.xctest; sourceTree = BUILT_PRODUCTS_DIR; };
		2FC3DBEB20FC309800DD48C0 /* EncryptDBUITests.swift */ = {isa = PBXFileReference; lastKnownFileType = sourcecode.swift; path = EncryptDBUITests.swift; sourceTree = "<group>"; };
		2FC3DBED20FC309800DD48C0 /* Info.plist */ = {isa = PBXFileReference; lastKnownFileType = text.plist.xml; path = Info.plist; sourceTree = "<group>"; };
		2FC3DBF220FC309800DD48C0 /* EncryptDBUIUITests.xctest */ = {isa = PBXFileReference; explicitFileType = wrapper.cfbundle; includeInIndex = 0; path = EncryptDBUIUITests.xctest; sourceTree = BUILT_PRODUCTS_DIR; };
		2FC3DBF620FC309800DD48C0 /* EncryptDBUIUITests.swift */ = {isa = PBXFileReference; lastKnownFileType = sourcecode.swift; path = EncryptDBUIUITests.swift; sourceTree = "<group>"; };
		2FC3DBF820FC309800DD48C0 /* Info.plist */ = {isa = PBXFileReference; lastKnownFileType = text.plist.xml; path = Info.plist; sourceTree = "<group>"; };
		2FC3DC0520FC319C00DD48C0 /* FMEncryptHelper.m */ = {isa = PBXFileReference; fileEncoding = 4; lastKnownFileType = sourcecode.c.objc; path = FMEncryptHelper.m; sourceTree = "<group>"; };
		2FC3DC0620FC319C00DD48C0 /* ColumnPropertyMappingDelegate.h */ = {isa = PBXFileReference; fileEncoding = 4; lastKnownFileType = sourcecode.c.h; path = ColumnPropertyMappingDelegate.h; sourceTree = "<group>"; };
		2FC3DC0720FC319C00DD48C0 /* FMEncryptDatabaseQueue.m */ = {isa = PBXFileReference; fileEncoding = 4; lastKnownFileType = sourcecode.c.objc; path = FMEncryptDatabaseQueue.m; sourceTree = "<group>"; };
		2FC3DC0820FC319C00DD48C0 /* FMEncryptDatabase.m */ = {isa = PBXFileReference; fileEncoding = 4; lastKnownFileType = sourcecode.c.objc; path = FMEncryptDatabase.m; sourceTree = "<group>"; };
		2FC3DC0920FC319C00DD48C0 /* FMEncryptHelper.h */ = {isa = PBXFileReference; fileEncoding = 4; lastKnownFileType = sourcecode.c.h; path = FMEncryptHelper.h; sourceTree = "<group>"; };
		2FC3DC0A20FC319C00DD48C0 /* FMEncryptDatabase.h */ = {isa = PBXFileReference; fileEncoding = 4; lastKnownFileType = sourcecode.c.h; path = FMEncryptDatabase.h; sourceTree = "<group>"; };
		2FC3DC0B20FC319C00DD48C0 /* FMEncryptDatabaseQueue.h */ = {isa = PBXFileReference; fileEncoding = 4; lastKnownFileType = sourcecode.c.h; path = FMEncryptDatabaseQueue.h; sourceTree = "<group>"; };
		2FC3DC0F20FC31BE00DD48C0 /* EncryptDBUI-Bridging-Header.h */ = {isa = PBXFileReference; lastKnownFileType = sourcecode.c.h; path = "EncryptDBUI-Bridging-Header.h"; sourceTree = "<group>"; };
		52B03B39E322E15DEF481562 /* Pods_EncryptDBUITests.framework */ = {isa = PBXFileReference; explicitFileType = wrapper.framework; includeInIndex = 0; path = Pods_EncryptDBUITests.framework; sourceTree = BUILT_PRODUCTS_DIR; };
		7208A172D2281B3B3B610401 /* Pods-EncryptDBUIUITests.release.xcconfig */ = {isa = PBXFileReference; includeInIndex = 1; lastKnownFileType = text.xcconfig; name = "Pods-EncryptDBUIUITests.release.xcconfig"; path = "Pods/Target Support Files/Pods-EncryptDBUIUITests/Pods-EncryptDBUIUITests.release.xcconfig"; sourceTree = "<group>"; };
		76F672CA8B081CA3A0899CED /* Pods-EncryptDBUI.release.xcconfig */ = {isa = PBXFileReference; includeInIndex = 1; lastKnownFileType = text.xcconfig; name = "Pods-EncryptDBUI.release.xcconfig"; path = "Pods/Target Support Files/Pods-EncryptDBUI/Pods-EncryptDBUI.release.xcconfig"; sourceTree = "<group>"; };
		7B79D410472044C8FE904EF4 /* Pods_EncryptDBUIUITests.framework */ = {isa = PBXFileReference; explicitFileType = wrapper.framework; includeInIndex = 0; path = Pods_EncryptDBUIUITests.framework; sourceTree = BUILT_PRODUCTS_DIR; };
		977AA627FC1DC90436FDBDC1 /* Pods_EncryptDBUI.framework */ = {isa = PBXFileReference; explicitFileType = wrapper.framework; includeInIndex = 0; path = Pods_EncryptDBUI.framework; sourceTree = BUILT_PRODUCTS_DIR; };
		C6B229A3ADF3984BC31C12F4 /* Pods-EncryptDBUI.debug.xcconfig */ = {isa = PBXFileReference; includeInIndex = 1; lastKnownFileType = text.xcconfig; name = "Pods-EncryptDBUI.debug.xcconfig"; path = "Pods/Target Support Files/Pods-EncryptDBUI/Pods-EncryptDBUI.debug.xcconfig"; sourceTree = "<group>"; };
/* End PBXFileReference section */

/* Begin PBXFrameworksBuildPhase section */
		2FC3DBD220FC309700DD48C0 /* Frameworks */ = {
			isa = PBXFrameworksBuildPhase;
			buildActionMask = 2147483647;
			files = (
				FAD38B1F72B78C16B6DEE946 /* Pods_EncryptDBUI.framework in Frameworks */,
			);
			runOnlyForDeploymentPostprocessing = 0;
		};
		2FC3DBE420FC309800DD48C0 /* Frameworks */ = {
			isa = PBXFrameworksBuildPhase;
			buildActionMask = 2147483647;
			files = (
				FB7B0C118374BDD62E358F6E /* Pods_EncryptDBUITests.framework in Frameworks */,
			);
			runOnlyForDeploymentPostprocessing = 0;
		};
		2FC3DBEF20FC309800DD48C0 /* Frameworks */ = {
			isa = PBXFrameworksBuildPhase;
			buildActionMask = 2147483647;
			files = (
				486C31E3C33954D3B6186A65 /* Pods_EncryptDBUIUITests.framework in Frameworks */,
			);
			runOnlyForDeploymentPostprocessing = 0;
		};
/* End PBXFrameworksBuildPhase section */

/* Begin PBXGroup section */
		2FC3DBCC20FC309700DD48C0 = {
			isa = PBXGroup;
			children = (
				2FC3DBD720FC309700DD48C0 /* EncryptDBUI */,
				2FC3DBEA20FC309800DD48C0 /* EncryptDBUITests */,
				2FC3DBF520FC309800DD48C0 /* EncryptDBUIUITests */,
				2FC3DBD620FC309700DD48C0 /* Products */,
				7B0ED926105A1EF89B9C31DC /* Pods */,
				F5C7386B34F0216CDB0057F2 /* Frameworks */,
			);
			sourceTree = "<group>";
		};
		2FC3DBD620FC309700DD48C0 /* Products */ = {
			isa = PBXGroup;
			children = (
				2FC3DBD520FC309700DD48C0 /* EncryptDBUI.app */,
				2FC3DBE720FC309800DD48C0 /* EncryptDBUITests.xctest */,
				2FC3DBF220FC309800DD48C0 /* EncryptDBUIUITests.xctest */,
			);
			name = Products;
			sourceTree = "<group>";
		};
		2FC3DBD720FC309700DD48C0 /* EncryptDBUI */ = {
			isa = PBXGroup;
			children = (
				2FC3DC0420FC319C00DD48C0 /* EncryptFMDB */,
				2FC3DBD820FC309700DD48C0 /* AppDelegate.swift */,
				2FC3DBDA20FC309700DD48C0 /* ViewController.swift */,
				2FC3DBDC20FC309800DD48C0 /* Assets.xcassets */,
				2FC3DBDE20FC309800DD48C0 /* Main.storyboard */,
				2FC3DBE120FC309800DD48C0 /* Info.plist */,
				2FC3DBE220FC309800DD48C0 /* EncryptDBUI.entitlements */,
				2FC3DC0F20FC31BE00DD48C0 /* EncryptDBUI-Bridging-Header.h */,
			);
			path = EncryptDBUI;
			sourceTree = "<group>";
		};
		2FC3DBEA20FC309800DD48C0 /* EncryptDBUITests */ = {
			isa = PBXGroup;
			children = (
				2FC3DBEB20FC309800DD48C0 /* EncryptDBUITests.swift */,
				2FC3DBED20FC309800DD48C0 /* Info.plist */,
			);
			path = EncryptDBUITests;
			sourceTree = "<group>";
		};
		2FC3DBF520FC309800DD48C0 /* EncryptDBUIUITests */ = {
			isa = PBXGroup;
			children = (
				2FC3DBF620FC309800DD48C0 /* EncryptDBUIUITests.swift */,
				2FC3DBF820FC309800DD48C0 /* Info.plist */,
			);
			path = EncryptDBUIUITests;
			sourceTree = "<group>";
		};
		2FC3DC0420FC319C00DD48C0 /* EncryptFMDB */ = {
			isa = PBXGroup;
			children = (
				2FC3DC0520FC319C00DD48C0 /* FMEncryptHelper.m */,
				2FC3DC0620FC319C00DD48C0 /* ColumnPropertyMappingDelegate.h */,
				2FC3DC0720FC319C00DD48C0 /* FMEncryptDatabaseQueue.m */,
				2FC3DC0820FC319C00DD48C0 /* FMEncryptDatabase.m */,
				2FC3DC0920FC319C00DD48C0 /* FMEncryptHelper.h */,
				2FC3DC0A20FC319C00DD48C0 /* FMEncryptDatabase.h */,
				2FC3DC0B20FC319C00DD48C0 /* FMEncryptDatabaseQueue.h */,
			);
			path = EncryptFMDB;
			sourceTree = "<group>";
		};
		7B0ED926105A1EF89B9C31DC /* Pods */ = {
			isa = PBXGroup;
			children = (
				C6B229A3ADF3984BC31C12F4 /* Pods-EncryptDBUI.debug.xcconfig */,
				76F672CA8B081CA3A0899CED /* Pods-EncryptDBUI.release.xcconfig */,
				0518E26DAC086E739D828D95 /* Pods-EncryptDBUITests.debug.xcconfig */,
				0BFD9D64D64FEFDFEFE1B0E4 /* Pods-EncryptDBUITests.release.xcconfig */,
				07CA4EEC354A8FCB11359E05 /* Pods-EncryptDBUIUITests.debug.xcconfig */,
				7208A172D2281B3B3B610401 /* Pods-EncryptDBUIUITests.release.xcconfig */,
			);
			name = Pods;
			sourceTree = "<group>";
		};
		F5C7386B34F0216CDB0057F2 /* Frameworks */ = {
			isa = PBXGroup;
			children = (
				977AA627FC1DC90436FDBDC1 /* Pods_EncryptDBUI.framework */,
				52B03B39E322E15DEF481562 /* Pods_EncryptDBUITests.framework */,
				7B79D410472044C8FE904EF4 /* Pods_EncryptDBUIUITests.framework */,
			);
			name = Frameworks;
			sourceTree = "<group>";
		};
/* End PBXGroup section */

/* Begin PBXNativeTarget section */
		2FC3DBD420FC309700DD48C0 /* EncryptDBUI */ = {
			isa = PBXNativeTarget;
			buildConfigurationList = 2FC3DBFB20FC309800DD48C0 /* Build configuration list for PBXNativeTarget "EncryptDBUI" */;
			buildPhases = (
				FC40925872D1F4097A956C00 /* [CP] Check Pods Manifest.lock */,
				2FC3DBD120FC309700DD48C0 /* Sources */,
				2FC3DBD220FC309700DD48C0 /* Frameworks */,
				2FC3DBD320FC309700DD48C0 /* Resources */,
				FEF0AD14C315B869B78E2C5F /* [CP] Embed Pods Frameworks */,
			);
			buildRules = (
			);
			dependencies = (
			);
			name = EncryptDBUI;
			productName = EncryptDBUI;
			productReference = 2FC3DBD520FC309700DD48C0 /* EncryptDBUI.app */;
			productType = "com.apple.product-type.application";
		};
		2FC3DBE620FC309800DD48C0 /* EncryptDBUITests */ = {
			isa = PBXNativeTarget;
			buildConfigurationList = 2FC3DBFE20FC309800DD48C0 /* Build configuration list for PBXNativeTarget "EncryptDBUITests" */;
			buildPhases = (
				648AC3AC0F1C98E44C8D0539 /* [CP] Check Pods Manifest.lock */,
				2FC3DBE320FC309800DD48C0 /* Sources */,
				2FC3DBE420FC309800DD48C0 /* Frameworks */,
				2FC3DBE520FC309800DD48C0 /* Resources */,
			);
			buildRules = (
			);
			dependencies = (
				2FC3DBE920FC309800DD48C0 /* PBXTargetDependency */,
			);
			name = EncryptDBUITests;
			productName = EncryptDBUITests;
			productReference = 2FC3DBE720FC309800DD48C0 /* EncryptDBUITests.xctest */;
			productType = "com.apple.product-type.bundle.unit-test";
		};
		2FC3DBF120FC309800DD48C0 /* EncryptDBUIUITests */ = {
			isa = PBXNativeTarget;
			buildConfigurationList = 2FC3DC0120FC309800DD48C0 /* Build configuration list for PBXNativeTarget "EncryptDBUIUITests" */;
			buildPhases = (
				3397D7BA98B28B357740C196 /* [CP] Check Pods Manifest.lock */,
				2FC3DBEE20FC309800DD48C0 /* Sources */,
				2FC3DBEF20FC309800DD48C0 /* Frameworks */,
				2FC3DBF020FC309800DD48C0 /* Resources */,
			);
			buildRules = (
			);
			dependencies = (
				2FC3DBF420FC309800DD48C0 /* PBXTargetDependency */,
			);
			name = EncryptDBUIUITests;
			productName = EncryptDBUIUITests;
			productReference = 2FC3DBF220FC309800DD48C0 /* EncryptDBUIUITests.xctest */;
			productType = "com.apple.product-type.bundle.ui-testing";
		};
/* End PBXNativeTarget section */

/* Begin PBXProject section */
		2FC3DBCD20FC309700DD48C0 /* Project object */ = {
			isa = PBXProject;
			attributes = {
				LastSwiftUpdateCheck = 0940;
				LastUpgradeCheck = 0940;
				ORGANIZATIONNAME = sungrow;
				TargetAttributes = {
					2FC3DBD420FC309700DD48C0 = {
						CreatedOnToolsVersion = 9.4;
					};
					2FC3DBE620FC309800DD48C0 = {
						CreatedOnToolsVersion = 9.4;
						TestTargetID = 2FC3DBD420FC309700DD48C0;
					};
					2FC3DBF120FC309800DD48C0 = {
						CreatedOnToolsVersion = 9.4;
						TestTargetID = 2FC3DBD420FC309700DD48C0;
					};
				};
			};
			buildConfigurationList = 2FC3DBD020FC309700DD48C0 /* Build configuration list for PBXProject "EncryptDBUI" */;
			compatibilityVersion = "Xcode 9.3";
			developmentRegion = en;
			hasScannedForEncodings = 0;
			knownRegions = (
				en,
				Base,
			);
			mainGroup = 2FC3DBCC20FC309700DD48C0;
			productRefGroup = 2FC3DBD620FC309700DD48C0 /* Products */;
			projectDirPath = "";
			projectRoot = "";
			targets = (
				2FC3DBD420FC309700DD48C0 /* EncryptDBUI */,
				2FC3DBE620FC309800DD48C0 /* EncryptDBUITests */,
				2FC3DBF120FC309800DD48C0 /* EncryptDBUIUITests */,
			);
		};
/* End PBXProject section */

/* Begin PBXResourcesBuildPhase section */
		2FC3DBD320FC309700DD48C0 /* Resources */ = {
			isa = PBXResourcesBuildPhase;
			buildActionMask = 2147483647;
			files = (
				2FC3DBDD20FC309800DD48C0 /* Assets.xcassets in Resources */,
				2FC3DBE020FC309800DD48C0 /* Main.storyboard in Resources */,
			);
			runOnlyForDeploymentPostprocessing = 0;
		};
		2FC3DBE520FC309800DD48C0 /* Resources */ = {
			isa = PBXResourcesBuildPhase;
			buildActionMask = 2147483647;
			files = (
			);
			runOnlyForDeploymentPostprocessing = 0;
		};
		2FC3DBF020FC309800DD48C0 /* Resources */ = {
			isa = PBXResourcesBuildPhase;
			buildActionMask = 2147483647;
			files = (
			);
			runOnlyForDeploymentPostprocessing = 0;
		};
/* End PBXResourcesBuildPhase section */

/* Begin PBXShellScriptBuildPhase section */
		3397D7BA98B28B357740C196 /* [CP] Check Pods Manifest.lock */ = {
			isa = PBXShellScriptBuildPhase;
			buildActionMask = 2147483647;
			files = (
			);
			inputPaths = (
				"${PODS_PODFILE_DIR_PATH}/Podfile.lock",
				"${PODS_ROOT}/Manifest.lock",
			);
			name = "[CP] Check Pods Manifest.lock";
			outputPaths = (
				"$(DERIVED_FILE_DIR)/Pods-EncryptDBUIUITests-checkManifestLockResult.txt",
			);
			runOnlyForDeploymentPostprocessing = 0;
			shellPath = /bin/sh;
			shellScript = "diff \"${PODS_PODFILE_DIR_PATH}/Podfile.lock\" \"${PODS_ROOT}/Manifest.lock\" > /dev/null\nif [ $? != 0 ] ; then\n    # print error to STDERR\n    echo \"error: The sandbox is not in sync with the Podfile.lock. Run 'pod install' or update your CocoaPods installation.\" >&2\n    exit 1\nfi\n# This output is used by Xcode 'outputs' to avoid re-running this script phase.\necho \"SUCCESS\" > \"${SCRIPT_OUTPUT_FILE_0}\"\n";
			showEnvVarsInLog = 0;
		};
		648AC3AC0F1C98E44C8D0539 /* [CP] Check Pods Manifest.lock */ = {
			isa = PBXShellScriptBuildPhase;
			buildActionMask = 2147483647;
			files = (
			);
			inputPaths = (
				"${PODS_PODFILE_DIR_PATH}/Podfile.lock",
				"${PODS_ROOT}/Manifest.lock",
			);
			name = "[CP] Check Pods Manifest.lock";
			outputPaths = (
				"$(DERIVED_FILE_DIR)/Pods-EncryptDBUITests-checkManifestLockResult.txt",
			);
			runOnlyForDeploymentPostprocessing = 0;
			shellPath = /bin/sh;
			shellScript = "diff \"${PODS_PODFILE_DIR_PATH}/Podfile.lock\" \"${PODS_ROOT}/Manifest.lock\" > /dev/null\nif [ $? != 0 ] ; then\n    # print error to STDERR\n    echo \"error: The sandbox is not in sync with the Podfile.lock. Run 'pod install' or update your CocoaPods installation.\" >&2\n    exit 1\nfi\n# This output is used by Xcode 'outputs' to avoid re-running this script phase.\necho \"SUCCESS\" > \"${SCRIPT_OUTPUT_FILE_0}\"\n";
			showEnvVarsInLog = 0;
		};
		FC40925872D1F4097A956C00 /* [CP] Check Pods Manifest.lock */ = {
			isa = PBXShellScriptBuildPhase;
			buildActionMask = 2147483647;
			files = (
			);
			inputPaths = (
				"${PODS_PODFILE_DIR_PATH}/Podfile.lock",
				"${PODS_ROOT}/Manifest.lock",
			);
			name = "[CP] Check Pods Manifest.lock";
			outputPaths = (
				"$(DERIVED_FILE_DIR)/Pods-EncryptDBUI-checkManifestLockResult.txt",
			);
			runOnlyForDeploymentPostprocessing = 0;
			shellPath = /bin/sh;
			shellScript = "diff \"${PODS_PODFILE_DIR_PATH}/Podfile.lock\" \"${PODS_ROOT}/Manifest.lock\" > /dev/null\nif [ $? != 0 ] ; then\n    # print error to STDERR\n    echo \"error: The sandbox is not in sync with the Podfile.lock. Run 'pod install' or update your CocoaPods installation.\" >&2\n    exit 1\nfi\n# This output is used by Xcode 'outputs' to avoid re-running this script phase.\necho \"SUCCESS\" > \"${SCRIPT_OUTPUT_FILE_0}\"\n";
			showEnvVarsInLog = 0;
		};
		FEF0AD14C315B869B78E2C5F /* [CP] Embed Pods Frameworks */ = {
			isa = PBXShellScriptBuildPhase;
			buildActionMask = 2147483647;
			files = (
			);
			inputPaths = (
				"${SRCROOT}/Pods/Target Support Files/Pods-EncryptDBUI/Pods-EncryptDBUI-frameworks.sh",
				"${BUILT_PRODUCTS_DIR}/FMDB/FMDB.framework",
				"${BUILT_PRODUCTS_DIR}/SQLCipher/SQLCipher.framework",
			);
			name = "[CP] Embed Pods Frameworks";
			outputPaths = (
				"${TARGET_BUILD_DIR}/${FRAMEWORKS_FOLDER_PATH}/FMDB.framework",
				"${TARGET_BUILD_DIR}/${FRAMEWORKS_FOLDER_PATH}/SQLCipher.framework",
			);
			runOnlyForDeploymentPostprocessing = 0;
			shellPath = /bin/sh;
			shellScript = "\"${SRCROOT}/Pods/Target Support Files/Pods-EncryptDBUI/Pods-EncryptDBUI-frameworks.sh\"\n";
			showEnvVarsInLog = 0;
		};
/* End PBXShellScriptBuildPhase section */

/* Begin PBXSourcesBuildPhase section */
		2FC3DBD120FC309700DD48C0 /* Sources */ = {
			isa = PBXSourcesBuildPhase;
			buildActionMask = 2147483647;
			files = (
				2FC3DBDB20FC309700DD48C0 /* ViewController.swift in Sources */,
				2FC3DC0D20FC319C00DD48C0 /* FMEncryptDatabaseQueue.m in Sources */,
				2FC3DBD920FC309700DD48C0 /* AppDelegate.swift in Sources */,
				2FC3DC0E20FC319C00DD48C0 /* FMEncryptDatabase.m in Sources */,
				2FC3DC0C20FC319C00DD48C0 /* FMEncryptHelper.m in Sources */,
			);
			runOnlyForDeploymentPostprocessing = 0;
		};
		2FC3DBE320FC309800DD48C0 /* Sources */ = {
			isa = PBXSourcesBuildPhase;
			buildActionMask = 2147483647;
			files = (
				2FC3DBEC20FC309800DD48C0 /* EncryptDBUITests.swift in Sources */,
			);
			runOnlyForDeploymentPostprocessing = 0;
		};
		2FC3DBEE20FC309800DD48C0 /* Sources */ = {
			isa = PBXSourcesBuildPhase;
			buildActionMask = 2147483647;
			files = (
				2FC3DBF720FC309800DD48C0 /* EncryptDBUIUITests.swift in Sources */,
			);
			runOnlyForDeploymentPostprocessing = 0;
		};
/* End PBXSourcesBuildPhase section */

/* Begin PBXTargetDependency section */
		2FC3DBE920FC309800DD48C0 /* PBXTargetDependency */ = {
			isa = PBXTargetDependency;
			target = 2FC3DBD420FC309700DD48C0 /* EncryptDBUI */;
			targetProxy = 2FC3DBE820FC309800DD48C0 /* PBXContainerItemProxy */;
		};
		2FC3DBF420FC309800DD48C0 /* PBXTargetDependency */ = {
			isa = PBXTargetDependency;
			target = 2FC3DBD420FC309700DD48C0 /* EncryptDBUI */;
			targetProxy = 2FC3DBF320FC309800DD48C0 /* PBXContainerItemProxy */;
		};
/* End PBXTargetDependency section */

/* Begin PBXVariantGroup section */
		2FC3DBDE20FC309800DD48C0 /* Main.storyboard */ = {
			isa = PBXVariantGroup;
			children = (
				2FC3DBDF20FC309800DD48C0 /* Base */,
			);
			name = Main.storyboard;
			sourceTree = "<group>";
		};
/* End PBXVariantGroup section */

/* Begin XCBuildConfiguration section */
		2FC3DBF920FC309800DD48C0 /* Debug */ = {
			isa = XCBuildConfiguration;
			buildSettings = {
				ALWAYS_SEARCH_USER_PATHS = NO;
				CLANG_ANALYZER_NONNULL = YES;
				CLANG_ANALYZER_NUMBER_OBJECT_CONVERSION = YES_AGGRESSIVE;
				CLANG_CXX_LANGUAGE_STANDARD = "gnu++14";
				CLANG_CXX_LIBRARY = "libc++";
				CLANG_ENABLE_MODULES = YES;
				CLANG_ENABLE_OBJC_ARC = YES;
				CLANG_ENABLE_OBJC_WEAK = YES;
				CLANG_WARN_BLOCK_CAPTURE_AUTORELEASING = YES;
				CLANG_WARN_BOOL_CONVERSION = YES;
				CLANG_WARN_COMMA = YES;
				CLANG_WARN_CONSTANT_CONVERSION = YES;
				CLANG_WARN_DEPRECATED_OBJC_IMPLEMENTATIONS = YES;
				CLANG_WARN_DIRECT_OBJC_ISA_USAGE = YES_ERROR;
				CLANG_WARN_DOCUMENTATION_COMMENTS = YES;
				CLANG_WARN_EMPTY_BODY = YES;
				CLANG_WARN_ENUM_CONVERSION = YES;
				CLANG_WARN_INFINITE_RECURSION = YES;
				CLANG_WARN_INT_CONVERSION = YES;
				CLANG_WARN_NON_LITERAL_NULL_CONVERSION = YES;
				CLANG_WARN_OBJC_IMPLICIT_RETAIN_SELF = YES;
				CLANG_WARN_OBJC_LITERAL_CONVERSION = YES;
				CLANG_WARN_OBJC_ROOT_CLASS = YES_ERROR;
				CLANG_WARN_RANGE_LOOP_ANALYSIS = YES;
				CLANG_WARN_STRICT_PROTOTYPES = YES;
				CLANG_WARN_SUSPICIOUS_MOVE = YES;
				CLANG_WARN_UNGUARDED_AVAILABILITY = YES_AGGRESSIVE;
				CLANG_WARN_UNREACHABLE_CODE = YES;
				CLANG_WARN__DUPLICATE_METHOD_MATCH = YES;
				CODE_SIGN_IDENTITY = "-";
				COPY_PHASE_STRIP = NO;
				DEBUG_INFORMATION_FORMAT = dwarf;
				ENABLE_STRICT_OBJC_MSGSEND = YES;
				ENABLE_TESTABILITY = YES;
				GCC_C_LANGUAGE_STANDARD = gnu11;
				GCC_DYNAMIC_NO_PIC = NO;
				GCC_NO_COMMON_BLOCKS = YES;
				GCC_OPTIMIZATION_LEVEL = 0;
				GCC_PREPROCESSOR_DEFINITIONS = (
					"DEBUG=1",
					"$(inherited)",
				);
				GCC_WARN_64_TO_32_BIT_CONVERSION = YES;
				GCC_WARN_ABOUT_RETURN_TYPE = YES_ERROR;
				GCC_WARN_UNDECLARED_SELECTOR = YES;
				GCC_WARN_UNINITIALIZED_AUTOS = YES_AGGRESSIVE;
				GCC_WARN_UNUSED_FUNCTION = YES;
				GCC_WARN_UNUSED_VARIABLE = YES;
				MACOSX_DEPLOYMENT_TARGET = 10.13;
				MTL_ENABLE_DEBUG_INFO = YES;
				ONLY_ACTIVE_ARCH = YES;
				SDKROOT = macosx;
				SWIFT_ACTIVE_COMPILATION_CONDITIONS = DEBUG;
				SWIFT_OPTIMIZATION_LEVEL = "-Onone";
			};
			name = Debug;
		};
		2FC3DBFA20FC309800DD48C0 /* Release */ = {
			isa = XCBuildConfiguration;
			buildSettings = {
				ALWAYS_SEARCH_USER_PATHS = NO;
				CLANG_ANALYZER_NONNULL = YES;
				CLANG_ANALYZER_NUMBER_OBJECT_CONVERSION = YES_AGGRESSIVE;
				CLANG_CXX_LANGUAGE_STANDARD = "gnu++14";
				CLANG_CXX_LIBRARY = "libc++";
				CLANG_ENABLE_MODULES = YES;
				CLANG_ENABLE_OBJC_ARC = YES;
				CLANG_ENABLE_OBJC_WEAK = YES;
				CLANG_WARN_BLOCK_CAPTURE_AUTORELEASING = YES;
				CLANG_WARN_BOOL_CONVERSION = YES;
				CLANG_WARN_COMMA = YES;
				CLANG_WARN_CONSTANT_CONVERSION = YES;
				CLANG_WARN_DEPRECATED_OBJC_IMPLEMENTATIONS = YES;
				CLANG_WARN_DIRECT_OBJC_ISA_USAGE = YES_ERROR;
				CLANG_WARN_DOCUMENTATION_COMMENTS = YES;
				CLANG_WARN_EMPTY_BODY = YES;
				CLANG_WARN_ENUM_CONVERSION = YES;
				CLANG_WARN_INFINITE_RECURSION = YES;
				CLANG_WARN_INT_CONVERSION = YES;
				CLANG_WARN_NON_LITERAL_NULL_CONVERSION = YES;
				CLANG_WARN_OBJC_IMPLICIT_RETAIN_SELF = YES;
				CLANG_WARN_OBJC_LITERAL_CONVERSION = YES;
				CLANG_WARN_OBJC_ROOT_CLASS = YES_ERROR;
				CLANG_WARN_RANGE_LOOP_ANALYSIS = YES;
				CLANG_WARN_STRICT_PROTOTYPES = YES;
				CLANG_WARN_SUSPICIOUS_MOVE = YES;
				CLANG_WARN_UNGUARDED_AVAILABILITY = YES_AGGRESSIVE;
				CLANG_WARN_UNREACHABLE_CODE = YES;
				CLANG_WARN__DUPLICATE_METHOD_MATCH = YES;
				CODE_SIGN_IDENTITY = "-";
				COPY_PHASE_STRIP = NO;
				DEBUG_INFORMATION_FORMAT = "dwarf-with-dsym";
				ENABLE_NS_ASSERTIONS = NO;
				ENABLE_STRICT_OBJC_MSGSEND = YES;
				GCC_C_LANGUAGE_STANDARD = gnu11;
				GCC_NO_COMMON_BLOCKS = YES;
				GCC_WARN_64_TO_32_BIT_CONVERSION = YES;
				GCC_WARN_ABOUT_RETURN_TYPE = YES_ERROR;
				GCC_WARN_UNDECLARED_SELECTOR = YES;
				GCC_WARN_UNINITIALIZED_AUTOS = YES_AGGRESSIVE;
				GCC_WARN_UNUSED_FUNCTION = YES;
				GCC_WARN_UNUSED_VARIABLE = YES;
				MACOSX_DEPLOYMENT_TARGET = 10.13;
				MTL_ENABLE_DEBUG_INFO = NO;
				SDKROOT = macosx;
				SWIFT_COMPILATION_MODE = wholemodule;
				SWIFT_OPTIMIZATION_LEVEL = "-O";
			};
			name = Release;
		};
		2FC3DBFC20FC309800DD48C0 /* Debug */ = {
			isa = XCBuildConfiguration;
			baseConfigurationReference = C6B229A3ADF3984BC31C12F4 /* Pods-EncryptDBUI.debug.xcconfig */;
			buildSettings = {
				ASSETCATALOG_COMPILER_APPICON_NAME = AppIcon;
				CODE_SIGN_ENTITLEMENTS = EncryptDBUI/EncryptDBUI.entitlements;
				CODE_SIGN_STYLE = Automatic;
				COMBINE_HIDPI_IMAGES = YES;
				INFOPLIST_FILE = EncryptDBUI/Info.plist;
				LD_RUNPATH_SEARCH_PATHS = (
					"$(inherited)",
					"@executable_path/../Frameworks",
				);
				PRODUCT_BUNDLE_IDENTIFIER = com.sungrow.EncryptDBUI;
				PRODUCT_NAME = "$(TARGET_NAME)";
				SWIFT_OBJC_BRIDGING_HEADER = "$(SRCROOT)/$(PROJECT_NAME)/$(PROJECT_NAME)-Bridging-Header.h";
				SWIFT_VERSION = 4.0;
			};
			name = Debug;
		};
		2FC3DBFD20FC309800DD48C0 /* Release */ = {
			isa = XCBuildConfiguration;
			baseConfigurationReference = 76F672CA8B081CA3A0899CED /* Pods-EncryptDBUI.release.xcconfig */;
			buildSettings = {
				ASSETCATALOG_COMPILER_APPICON_NAME = AppIcon;
				CODE_SIGN_ENTITLEMENTS = EncryptDBUI/EncryptDBUI.entitlements;
				CODE_SIGN_STYLE = Automatic;
				COMBINE_HIDPI_IMAGES = YES;
				INFOPLIST_FILE = EncryptDBUI/Info.plist;
				LD_RUNPATH_SEARCH_PATHS = (
					"$(inherited)",
					"@executable_path/../Frameworks",
				);
				PRODUCT_BUNDLE_IDENTIFIER = com.sungrow.EncryptDBUI;
				PRODUCT_NAME = "$(TARGET_NAME)";
				SWIFT_OBJC_BRIDGING_HEADER = "$(SRCROOT)/$(PROJECT_NAME)/$(PROJECT_NAME)-Bridging-Header.h";
				SWIFT_VERSION = 4.0;
			};
			name = Release;
		};
		2FC3DBFF20FC309800DD48C0 /* Debug */ = {
			isa = XCBuildConfiguration;
			baseConfigurationReference = 0518E26DAC086E739D828D95 /* Pods-EncryptDBUITests.debug.xcconfig */;
			buildSettings = {
				ALWAYS_EMBED_SWIFT_STANDARD_LIBRARIES = YES;
				BUNDLE_LOADER = "$(TEST_HOST)";
				CODE_SIGN_STYLE = Automatic;
				COMBINE_HIDPI_IMAGES = YES;
				INFOPLIST_FILE = EncryptDBUITests/Info.plist;
				LD_RUNPATH_SEARCH_PATHS = (
					"$(inherited)",
					"@executable_path/../Frameworks",
					"@loader_path/../Frameworks",
				);
				PRODUCT_BUNDLE_IDENTIFIER = com.sungrow.EncryptDBUITests;
				PRODUCT_NAME = "$(TARGET_NAME)";
				SWIFT_VERSION = 4.0;
				TEST_HOST = "$(BUILT_PRODUCTS_DIR)/EncryptDBUI.app/Contents/MacOS/EncryptDBUI";
			};
			name = Debug;
		};
		2FC3DC0020FC309800DD48C0 /* Release */ = {
			isa = XCBuildConfiguration;
			baseConfigurationReference = 0BFD9D64D64FEFDFEFE1B0E4 /* Pods-EncryptDBUITests.release.xcconfig */;
			buildSettings = {
				ALWAYS_EMBED_SWIFT_STANDARD_LIBRARIES = YES;
				BUNDLE_LOADER = "$(TEST_HOST)";
				CODE_SIGN_STYLE = Automatic;
				COMBINE_HIDPI_IMAGES = YES;
				INFOPLIST_FILE = EncryptDBUITests/Info.plist;
				LD_RUNPATH_SEARCH_PATHS = (
					"$(inherited)",
					"@executable_path/../Frameworks",
					"@loader_path/../Frameworks",
				);
				PRODUCT_BUNDLE_IDENTIFIER = com.sungrow.EncryptDBUITests;
				PRODUCT_NAME = "$(TARGET_NAME)";
				SWIFT_VERSION = 4.0;
				TEST_HOST = "$(BUILT_PRODUCTS_DIR)/EncryptDBUI.app/Contents/MacOS/EncryptDBUI";
			};
			name = Release;
		};
		2FC3DC0220FC309800DD48C0 /* Debug */ = {
			isa = XCBuildConfiguration;
			baseConfigurationReference = 07CA4EEC354A8FCB11359E05 /* Pods-EncryptDBUIUITests.debug.xcconfig */;
			buildSettings = {
				ALWAYS_EMBED_SWIFT_STANDARD_LIBRARIES = YES;
				CODE_SIGN_STYLE = Automatic;
				COMBINE_HIDPI_IMAGES = YES;
				INFOPLIST_FILE = EncryptDBUIUITests/Info.plist;
				LD_RUNPATH_SEARCH_PATHS = (
					"$(inherited)",
					"@executable_path/../Frameworks",
					"@loader_path/../Frameworks",
				);
				PRODUCT_BUNDLE_IDENTIFIER = com.sungrow.EncryptDBUIUITests;
				PRODUCT_NAME = "$(TARGET_NAME)";
				SWIFT_VERSION = 4.0;
				TEST_TARGET_NAME = EncryptDBUI;
			};
			name = Debug;
		};
		2FC3DC0320FC309800DD48C0 /* Release */ = {
			isa = XCBuildConfiguration;
			baseConfigurationReference = 7208A172D2281B3B3B610401 /* Pods-EncryptDBUIUITests.release.xcconfig */;
			buildSettings = {
				ALWAYS_EMBED_SWIFT_STANDARD_LIBRARIES = YES;
				CODE_SIGN_STYLE = Automatic;
				COMBINE_HIDPI_IMAGES = YES;
				INFOPLIST_FILE = EncryptDBUIUITests/Info.plist;
				LD_RUNPATH_SEARCH_PATHS = (
					"$(inherited)",
					"@executable_path/../Frameworks",
					"@loader_path/../Frameworks",
				);
				PRODUCT_BUNDLE_IDENTIFIER = com.sungrow.EncryptDBUIUITests;
				PRODUCT_NAME = "$(TARGET_NAME)";
				SWIFT_VERSION = 4.0;
				TEST_TARGET_NAME = EncryptDBUI;
			};
			name = Release;
		};
/* End XCBuildConfiguration section */

/* Begin XCConfigurationList section */
		2FC3DBD020FC309700DD48C0 /* Build configuration list for PBXProject "EncryptDBUI" */ = {
			isa = XCConfigurationList;
			buildConfigurations = (
				2FC3DBF920FC309800DD48C0 /* Debug */,
				2FC3DBFA20FC309800DD48C0 /* Release */,
			);
			defaultConfigurationIsVisible = 0;
			defaultConfigurationName = Release;
		};
		2FC3DBFB20FC309800DD48C0 /* Build configuration list for PBXNativeTarget "EncryptDBUI" */ = {
			isa = XCConfigurationList;
			buildConfigurations = (
				2FC3DBFC20FC309800DD48C0 /* Debug */,
				2FC3DBFD20FC309800DD48C0 /* Release */,
			);
			defaultConfigurationIsVisible = 0;
			defaultConfigurationName = Release;
		};
		2FC3DBFE20FC309800DD48C0 /* Build configuration list for PBXNativeTarget "EncryptDBUITests" */ = {
			isa = XCConfigurationList;
			buildConfigurations = (
				2FC3DBFF20FC309800DD48C0 /* Debug */,
				2FC3DC0020FC309800DD48C0 /* Release */,
			);
			defaultConfigurationIsVisible = 0;
			defaultConfigurationName = Release;
		};
		2FC3DC0120FC309800DD48C0 /* Build configuration list for PBXNativeTarget "EncryptDBUIUITests" */ = {
			isa = XCConfigurationList;
			buildConfigurations = (
				2FC3DC0220FC309800DD48C0 /* Debug */,
				2FC3DC0320FC309800DD48C0 /* Release */,
			);
			defaultConfigurationIsVisible = 0;
			defaultConfigurationName = Release;
		};
/* End XCConfigurationList section */
	};
	rootObject = 2FC3DBCD20FC309700DD48C0 /* Project object */;
}
